// !$*UTF8*$!
{
	archiveVersion = 1;
	classes = {
	};
	objectVersion = 48;
	objects = {

/* Begin PBXBuildFile section */
		49412C531F73EDC00059119A /* AppDelegate.swift in Sources */ = {isa = PBXBuildFile; fileRef = 49412C521F73EDC00059119A /* AppDelegate.swift */; };
		49412C551F73EDC00059119A /* ViewController.swift in Sources */ = {isa = PBXBuildFile; fileRef = 49412C541F73EDC00059119A /* ViewController.swift */; };
		49412C5A1F73EDC00059119A /* Assets.xcassets in Resources */ = {isa = PBXBuildFile; fileRef = 49412C591F73EDC00059119A /* Assets.xcassets */; };
		49412C5D1F73EDC00059119A /* LaunchScreen.storyboard in Resources */ = {isa = PBXBuildFile; fileRef = 49412C5B1F73EDC00059119A /* LaunchScreen.storyboard */; };
		49D16D0A1FE8B92900C4A24F /* LQChartHeaderTitle.swift in Sources */ = {isa = PBXBuildFile; fileRef = 49D16D051FE8B92900C4A24F /* LQChartHeaderTitle.swift */; };
		49D16D0B1FE8B92900C4A24F /* LQChartView.swift in Sources */ = {isa = PBXBuildFile; fileRef = 49D16D061FE8B92900C4A24F /* LQChartView.swift */; };
		49D16D0C1FE8B92900C4A24F /* LQChartLine.swift in Sources */ = {isa = PBXBuildFile; fileRef = 49D16D071FE8B92900C4A24F /* LQChartLine.swift */; };
		49D16D0D1FE8B92900C4A24F /* UIBezierPath+curve.swift in Sources */ = {isa = PBXBuildFile; fileRef = 49D16D081FE8B92900C4A24F /* UIBezierPath+curve.swift */; };
		49D16D0E1FE8B92900C4A24F /* String+Date.swift in Sources */ = {isa = PBXBuildFile; fileRef = 49D16D091FE8B92900C4A24F /* String+Date.swift */; };
/* End PBXBuildFile section */

/* Begin PBXFileReference section */
		49412C4F1F73EDC00059119A /* LQChartView.app */ = {isa = PBXFileReference; explicitFileType = wrapper.application; includeInIndex = 0; path = LQChartView.app; sourceTree = BUILT_PRODUCTS_DIR; };
		49412C521F73EDC00059119A /* AppDelegate.swift */ = {isa = PBXFileReference; lastKnownFileType = sourcecode.swift; path = AppDelegate.swift; sourceTree = "<group>"; };
		49412C541F73EDC00059119A /* ViewController.swift */ = {isa = PBXFileReference; lastKnownFileType = sourcecode.swift; path = ViewController.swift; sourceTree = "<group>"; };
		49412C591F73EDC00059119A /* Assets.xcassets */ = {isa = PBXFileReference; lastKnownFileType = folder.assetcatalog; path = Assets.xcassets; sourceTree = "<group>"; };
		49412C5C1F73EDC00059119A /* Base */ = {isa = PBXFileReference; lastKnownFileType = file.storyboard; name = Base; path = Base.lproj/LaunchScreen.storyboard; sourceTree = "<group>"; };
		49412C5E1F73EDC00059119A /* Info.plist */ = {isa = PBXFileReference; lastKnownFileType = text.plist.xml; path = Info.plist; sourceTree = "<group>"; };
		49D16D051FE8B92900C4A24F /* LQChartHeaderTitle.swift */ = {isa = PBXFileReference; fileEncoding = 4; lastKnownFileType = sourcecode.swift; path = LQChartHeaderTitle.swift; sourceTree = "<group>"; };
		49D16D061FE8B92900C4A24F /* LQChartView.swift */ = {isa = PBXFileReference; fileEncoding = 4; lastKnownFileType = sourcecode.swift; path = LQChartView.swift; sourceTree = "<group>"; };
		49D16D071FE8B92900C4A24F /* LQChartLine.swift */ = {isa = PBXFileReference; fileEncoding = 4; lastKnownFileType = sourcecode.swift; path = LQChartLine.swift; sourceTree = "<group>"; };
		49D16D081FE8B92900C4A24F /* UIBezierPath+curve.swift */ = {isa = PBXFileReference; fileEncoding = 4; lastKnownFileType = sourcecode.swift; path = "UIBezierPath+curve.swift"; sourceTree = "<group>"; };
		49D16D091FE8B92900C4A24F /* String+Date.swift */ = {isa = PBXFileReference; fileEncoding = 4; lastKnownFileType = sourcecode.swift; path = "String+Date.swift"; sourceTree = "<group>"; };
/* End PBXFileReference section */

/* Begin PBXFrameworksBuildPhase section */
		49412C4C1F73EDC00059119A /* Frameworks */ = {
			isa = PBXFrameworksBuildPhase;
			buildActionMask = 2147483647;
			files = (
			);
			runOnlyForDeploymentPostprocessing = 0;
		};
/* End PBXFrameworksBuildPhase section */

/* Begin PBXGroup section */
		49412C461F73EDC00059119A = {
			isa = PBXGroup;
			children = (
				49412C511F73EDC00059119A /* LQChartView */,
				49412C501F73EDC00059119A /* Products */,
			);
			sourceTree = "<group>";
		};
		49412C501F73EDC00059119A /* Products */ = {
			isa = PBXGroup;
			children = (
				49412C4F1F73EDC00059119A /* LQChartView.app */,
			);
			name = Products;
			sourceTree = "<group>";
		};
		49412C511F73EDC00059119A /* LQChartView */ = {
			isa = PBXGroup;
			children = (
				49D16D041FE8B92900C4A24F /* ChartView */,
				49412C521F73EDC00059119A /* AppDelegate.swift */,
				49412C541F73EDC00059119A /* ViewController.swift */,
				49412C591F73EDC00059119A /* Assets.xcassets */,
				49412C5B1F73EDC00059119A /* LaunchScreen.storyboard */,
				49412C5E1F73EDC00059119A /* Info.plist */,
			);
			path = LQChartView;
			sourceTree = "<group>";
		};
		49D16D041FE8B92900C4A24F /* ChartView */ = {
			isa = PBXGroup;
			children = (
				49D16D051FE8B92900C4A24F /* LQChartHeaderTitle.swift */,
				49D16D061FE8B92900C4A24F /* LQChartView.swift */,
				49D16D071FE8B92900C4A24F /* LQChartLine.swift */,
				49D16D081FE8B92900C4A24F /* UIBezierPath+curve.swift */,
				49D16D091FE8B92900C4A24F /* String+Date.swift */,
			);
			name = ChartView;
			path = ../../ChartView;
			sourceTree = "<group>";
		};
/* End PBXGroup section */

/* Begin PBXNativeTarget section */
		49412C4E1F73EDC00059119A /* LQChartView */ = {
			isa = PBXNativeTarget;
			buildConfigurationList = 49412C611F73EDC00059119A /* Build configuration list for PBXNativeTarget "LQChartView" */;
			buildPhases = (
				49412C4B1F73EDC00059119A /* Sources */,
				49412C4C1F73EDC00059119A /* Frameworks */,
				49412C4D1F73EDC00059119A /* Resources */,
			);
			buildRules = (
			);
			dependencies = (
			);
			name = LQChartView;
			productName = LQChartView;
			productReference = 49412C4F1F73EDC00059119A /* LQChartView.app */;
			productType = "com.apple.product-type.application";
		};
/* End PBXNativeTarget section */

/* Begin PBXProject section */
		49412C471F73EDC00059119A /* Project object */ = {
			isa = PBXProject;
			attributes = {
				CLASSPREFIX = LQ;
				LastSwiftUpdateCheck = 0900;
				LastUpgradeCheck = 0900;
				ORGANIZATIONNAME = liuqing;
				TargetAttributes = {
					49412C4E1F73EDC00059119A = {
						CreatedOnToolsVersion = 9.0;
						ProvisioningStyle = Automatic;
					};
				};
			};
			buildConfigurationList = 49412C4A1F73EDC00059119A /* Build configuration list for PBXProject "LQChartView" */;
			compatibilityVersion = "Xcode 8.0";
			developmentRegion = en;
			hasScannedForEncodings = 0;
			knownRegions = (
				en,
				Base,
			);
			mainGroup = 49412C461F73EDC00059119A;
			productRefGroup = 49412C501F73EDC00059119A /* Products */;
			projectDirPath = "";
			projectRoot = "";
			targets = (
				49412C4E1F73EDC00059119A /* LQChartView */,
			);
		};
/* End PBXProject section */

/* Begin PBXResourcesBuildPhase section */
		49412C4D1F73EDC00059119A /* Resources */ = {
			isa = PBXResourcesBuildPhase;
			buildActionMask = 2147483647;
			files = (
				49412C5D1F73EDC00059119A /* LaunchScreen.storyboard in Resources */,
				49412C5A1F73EDC00059119A /* Assets.xcassets in Resources */,
			);
			runOnlyForDeploymentPostprocessing = 0;
		};
/* End PBXResourcesBuildPhase section */

/* Begin PBXSourcesBuildPhase section */
		49412C4B1F73EDC00059119A /* Sources */ = {
			isa = PBXSourcesBuildPhase;
			buildActionMask = 2147483647;
			files = (
				49D16D0E1FE8B92900C4A24F /* String+Date.swift in Sources */,
				49D16D0C1FE8B92900C4A24F /* LQChartLine.swift in Sources */,
				49412C551F73EDC00059119A /* ViewController.swift in Sources */,
				49412C531F73EDC00059119A /* AppDelegate.swift in Sources */,
				49D16D0B1FE8B92900C4A24F /* LQChartView.swift in Sources */,
				49D16D0A1FE8B92900C4A24F /* LQChartHeaderTitle.swift in Sources */,
				49D16D0D1FE8B92900C4A24F /* UIBezierPath+curve.swift in Sources */,
			);
			runOnlyForDeploymentPostprocessing = 0;
		};
/* End PBXSourcesBuildPhase section */

/* Begin PBXVariantGroup section */
		49412C5B1F73EDC00059119A /* LaunchScreen.storyboard */ = {
			isa = PBXVariantGroup;
			children = (
				49412C5C1F73EDC00059119A /* Base */,
			);
			name = LaunchScreen.storyboard;
			sourceTree = "<group>";
		};
/* End PBXVariantGroup section */

/* Begin XCBuildConfiguration section */
		49412C5F1F73EDC00059119A /* Debug */ = {
			isa = XCBuildConfiguration;
			buildSettings = {
				ALWAYS_SEARCH_USER_PATHS = NO;
				CLANG_ANALYZER_NONNULL = YES;
				CLANG_ANALYZER_NUMBER_OBJECT_CONVERSION = YES_AGGRESSIVE;
				CLANG_CXX_LANGUAGE_STANDARD = "gnu++14";
				CLANG_CXX_LIBRARY = "libc++";
				CLANG_ENABLE_MODULES = YES;
				CLANG_ENABLE_OBJC_ARC = YES;
				CLANG_WARN_BLOCK_CAPTURE_AUTORELEASING = YES;
				CLANG_WARN_BOOL_CONVERSION = YES;
				CLANG_WARN_COMMA = YES;
				CLANG_WARN_CONSTANT_CONVERSION = YES;
				CLANG_WARN_DIRECT_OBJC_ISA_USAGE = YES_ERROR;
				CLANG_WARN_DOCUMENTATION_COMMENTS = YES;
				CLANG_WARN_EMPTY_BODY = YES;
				CLANG_WARN_ENUM_CONVERSION = YES;
				CLANG_WARN_INFINITE_RECURSION = YES;
				CLANG_WARN_INT_CONVERSION = YES;
				CLANG_WARN_NON_LITERAL_NULL_CONVERSION = YES;
				CLANG_WARN_OBJC_LITERAL_CONVERSION = YES;
				CLANG_WARN_OBJC_ROOT_CLASS = YES_ERROR;
				CLANG_WARN_RANGE_LOOP_ANALYSIS = YES;
				CLANG_WARN_STRICT_PROTOTYPES = YES;
				CLANG_WARN_SUSPICIOUS_MOVE = YES;
				CLANG_WARN_UNGUARDED_AVAILABILITY = YES_AGGRESSIVE;
				CLANG_WARN_UNREACHABLE_CODE = YES;
				CLANG_WARN__DUPLICATE_METHOD_MATCH = YES;
				CODE_SIGN_IDENTITY = "iPhone Developer";
				COPY_PHASE_STRIP = NO;
				DEBUG_INFORMATION_FORMAT = dwarf;
				ENABLE_STRICT_OBJC_MSGSEND = YES;
				ENABLE_TESTABILITY = YES;
				GCC_C_LANGUAGE_STANDARD = gnu11;
				GCC_DYNAMIC_NO_PIC = NO;
				GCC_NO_COMMON_BLOCKS = YES;
				GCC_OPTIMIZATION_LEVEL = 0;
				GCC_PREPROCESSOR_DEFINITIONS = (
					"DEBUG=1",
					"$(inherited)",
				);
				GCC_WARN_64_TO_32_BIT_CONVERSION = YES;
				GCC_WARN_ABOUT_RETURN_TYPE = YES_ERROR;
				GCC_WARN_UNDECLARED_SELECTOR = YES;
				GCC_WARN_UNINITIALIZED_AUTOS = YES_AGGRESSIVE;
				GCC_WARN_UNUSED_FUNCTION = YES;
				GCC_WARN_UNUSED_VARIABLE = YES;
				IPHONEOS_DEPLOYMENT_TARGET = 11.0;
				MTL_ENABLE_DEBUG_INFO = YES;
				ONLY_ACTIVE_ARCH = YES;
				SDKROOT = iphoneos;
				SWIFT_ACTIVE_COMPILATION_CONDITIONS = DEBUG;
				SWIFT_OPTIMIZATION_LEVEL = "-Onone";
			};
			name = Debug;
		};
		49412C601F73EDC00059119A /* Release */ = {
			isa = XCBuildConfiguration;
			buildSettings = {
				ALWAYS_SEARCH_USER_PATHS = NO;
				CLANG_ANALYZER_NONNULL = YES;
				CLANG_ANALYZER_NUMBER_OBJECT_CONVERSION = YES_AGGRESSIVE;
				CLANG_CXX_LANGUAGE_STANDARD = "gnu++14";
				CLANG_CXX_LIBRARY = "libc++";
				CLANG_ENABLE_MODULES = YES;
				CLANG_ENABLE_OBJC_ARC = YES;
				CLANG_WARN_BLOCK_CAPTURE_AUTORELEASING = YES;
				CLANG_WARN_BOOL_CONVERSION = YES;
				CLANG_WARN_COMMA = YES;
				CLANG_WARN_CONSTANT_CONVERSION = YES;
				CLANG_WARN_DIRECT_OBJC_ISA_USAGE = YES_ERROR;
				CLANG_WARN_DOCUMENTATION_COMMENTS = YES;
				CLANG_WARN_EMPTY_BODY = YES;
				CLANG_WARN_ENUM_CONVERSION = YES;
				CLANG_WARN_INFINITE_RECURSION = YES;
				CLANG_WARN_INT_CONVERSION = YES;
				CLANG_WARN_NON_LITERAL_NULL_CONVERSION = YES;
				CLANG_WARN_OBJC_LITERAL_CONVERSION = YES;
				CLANG_WARN_OBJC_ROOT_CLASS = YES_ERROR;
				CLANG_WARN_RANGE_LOOP_ANALYSIS = YES;
				CLANG_WARN_STRICT_PROTOTYPES = YES;
				CLANG_WARN_SUSPICIOUS_MOVE = YES;
				CLANG_WARN_UNGUARDED_AVAILABILITY = YES_AGGRESSIVE;
				CLANG_WARN_UNREACHABLE_CODE = YES;
				CLANG_WARN__DUPLICATE_METHOD_MATCH = YES;
				CODE_SIGN_IDENTITY = "iPhone Developer";
				COPY_PHASE_STRIP = NO;
				DEBUG_INFORMATION_FORMAT = "dwarf-with-dsym";
				ENABLE_NS_ASSERTIONS = NO;
				ENABLE_STRICT_OBJC_MSGSEND = YES;
				GCC_C_LANGUAGE_STANDARD = gnu11;
				GCC_NO_COMMON_BLOCKS = YES;
				GCC_WARN_64_TO_32_BIT_CONVERSION = YES;
				GCC_WARN_ABOUT_RETURN_TYPE = YES_ERROR;
				GCC_WARN_UNDECLARED_SELECTOR = YES;
				GCC_WARN_UNINITIALIZED_AUTOS = YES_AGGRESSIVE;
				GCC_WARN_UNUSED_FUNCTION = YES;
				GCC_WARN_UNUSED_VARIABLE = YES;
				IPHONEOS_DEPLOYMENT_TARGET = 11.0;
				MTL_ENABLE_DEBUG_INFO = NO;
				SDKROOT = iphoneos;
				SWIFT_OPTIMIZATION_LEVEL = "-Owholemodule";
				VALIDATE_PRODUCT = YES;
			};
			name = Release;
		};
		49412C621F73EDC00059119A /* Debug */ = {
			isa = XCBuildConfiguration;
			buildSettings = {
				ASSETCATALOG_COMPILER_APPICON_NAME = AppIcon;
				CODE_SIGN_STYLE = Automatic;
				DEVELOPMENT_TEAM = NBL9PB7UR2;
				INFOPLIST_FILE = LQChartView/Info.plist;
				IPHONEOS_DEPLOYMENT_TARGET = 10.0;
				LD_RUNPATH_SEARCH_PATHS = "$(inherited) @executable_path/Frameworks";
				PRODUCT_BUNDLE_IDENTIFIER = liuqing.LQChartView;
				PRODUCT_NAME = "$(TARGET_NAME)";
				SWIFT_VERSION = 4.0;
				TARGETED_DEVICE_FAMILY = 1;
			};
			name = Debug;
		};
		49412C631F73EDC00059119A /* Release */ = {
			isa = XCBuildConfiguration;
			buildSettings = {
				ASSETCATALOG_COMPILER_APPICON_NAME = AppIcon;
				CODE_SIGN_STYLE = Automatic;
				DEVELOPMENT_TEAM = NBL9PB7UR2;
				INFOPLIST_FILE = LQChartView/Info.plist;
				IPHONEOS_DEPLOYMENT_TARGET = 10.0;
				LD_RUNPATH_SEARCH_PATHS = "$(inherited) @executable_path/Frameworks";
				PRODUCT_BUNDLE_IDENTIFIER = liuqing.LQChartView;
				PRODUCT_NAME = "$(TARGET_NAME)";
				SWIFT_VERSION = 4.0;
				TARGETED_DEVICE_FAMILY = 1;
			};
			name = Release;
		};
/* End XCBuildConfiguration section */

/* Begin XCConfigurationList section */
		49412C4A1F73EDC00059119A /* Build configuration list for PBXProject "LQChartView" */ = {
			isa = XCConfigurationList;
			buildConfigurations = (
				49412C5F1F73EDC00059119A /* Debug */,
				49412C601F73EDC00059119A /* Release */,
			);
			defaultConfigurationIsVisible = 0;
			defaultConfigurationName = Release;
		};
		49412C611F73EDC00059119A /* Build configuration list for PBXNativeTarget "LQChartView" */ = {
			isa = XCConfigurationList;
			buildConfigurations = (
				49412C621F73EDC00059119A /* Debug */,
				49412C631F73EDC00059119A /* Release */,
			);
			defaultConfigurationIsVisible = 0;
			defaultConfigurationName = Release;
		};
/* End XCConfigurationList section */
	};
	rootObject = 49412C471F73EDC00059119A /* Project object */;
}
